// !$*UTF8*$!
{
	archiveVersion = 1;
	classes = {
	};
	objectVersion = 46;
	objects = {

/* Begin PBXBuildFile section */
		0984B1C2D6F6E31706BCBD1C /* Pods_GameOn.framework in Frameworks */ = {isa = PBXBuildFile; fileRef = 4F046E3E8D08E014CDBBD7B1 /* Pods_GameOn.framework */; };
		8309286A1E23FB2200AEFF5F /* AppDelegate.swift in Sources */ = {isa = PBXBuildFile; fileRef = 830928691E23FB2200AEFF5F /* AppDelegate.swift */; };
		8309286F1E23FB2200AEFF5F /* Main.storyboard in Resources */ = {isa = PBXBuildFile; fileRef = 8309286D1E23FB2200AEFF5F /* Main.storyboard */; };
		830928711E23FB2200AEFF5F /* Assets.xcassets in Resources */ = {isa = PBXBuildFile; fileRef = 830928701E23FB2200AEFF5F /* Assets.xcassets */; };
		830928741E23FB2200AEFF5F /* LaunchScreen.storyboard in Resources */ = {isa = PBXBuildFile; fileRef = 830928721E23FB2200AEFF5F /* LaunchScreen.storyboard */; };
		8309287C1E2566B400AEFF5F /* LoginViewController.swift in Sources */ = {isa = PBXBuildFile; fileRef = 8309287B1E2566B400AEFF5F /* LoginViewController.swift */; };
		831C4C921E2E756800482CFC /* RegistrationViewController.swift in Sources */ = {isa = PBXBuildFile; fileRef = 831C4C911E2E756800482CFC /* RegistrationViewController.swift */; };
		831C4C971E2FB59800482CFC /* GamePlayersViewController.swift in Sources */ = {isa = PBXBuildFile; fileRef = 831C4C961E2FB59800482CFC /* GamePlayersViewController.swift */; };
		831C4C991E2FB5EA00482CFC /* GamePlayerCell.swift in Sources */ = {isa = PBXBuildFile; fileRef = 831C4C981E2FB5EA00482CFC /* GamePlayerCell.swift */; };
		831C4C9B1E30DDCF00482CFC /* FollowedPlayersGamesViewController.swift in Sources */ = {isa = PBXBuildFile; fileRef = 831C4C9A1E30DDCE00482CFC /* FollowedPlayersGamesViewController.swift */; };
		831C4C9F1E30E07200482CFC /* FollowedPlayerGameCell.swift in Sources */ = {isa = PBXBuildFile; fileRef = 831C4C9E1E30E07200482CFC /* FollowedPlayerGameCell.swift */; };
		831C4CA11E30EC3F00482CFC /* ChatRoomVC.swift in Sources */ = {isa = PBXBuildFile; fileRef = 831C4CA01E30EC3F00482CFC /* ChatRoomVC.swift */; };
		835010E41E2684D6008CAB58 /* GoogleService-Info.plist in Resources */ = {isa = PBXBuildFile; fileRef = 835010E31E2684D6008CAB58 /* GoogleService-Info.plist */; };
		835010E71E268BB1008CAB58 /* UsersGamesViewController.swift in Sources */ = {isa = PBXBuildFile; fileRef = 835010E61E268BB1008CAB58 /* UsersGamesViewController.swift */; };
		835010E91E2696F7008CAB58 /* PlayersViewController.swift in Sources */ = {isa = PBXBuildFile; fileRef = 835010E81E2696F7008CAB58 /* PlayersViewController.swift */; };
		835010EB1E26997F008CAB58 /* ChatViewController.swift in Sources */ = {isa = PBXBuildFile; fileRef = 835010EA1E26997F008CAB58 /* ChatViewController.swift */; };
		8376593B1E2975890022B663 /* Game.swift in Sources */ = {isa = PBXBuildFile; fileRef = 8376593A1E2975890022B663 /* Game.swift */; };
		8388E2F21E27A3F600BBE4F3 /* GameCell.swift in Sources */ = {isa = PBXBuildFile; fileRef = 8388E2F11E27A3F600BBE4F3 /* GameCell.swift */; };
		8388E2F61E27B49600BBE4F3 /* FriendCell.swift in Sources */ = {isa = PBXBuildFile; fileRef = 8388E2F51E27B49600BBE4F3 /* FriendCell.swift */; };
		8388E2F81E27DC9900BBE4F3 /* ChatListCell.swift in Sources */ = {isa = PBXBuildFile; fileRef = 8388E2F71E27DC9900BBE4F3 /* ChatListCell.swift */; };
		8388E2FA1E27E65800BBE4F3 /* SearchGamesViewController.swift in Sources */ = {isa = PBXBuildFile; fileRef = 8388E2F91E27E65800BBE4F3 /* SearchGamesViewController.swift */; };
		8388E2FC1E27E96A00BBE4F3 /* SearchGameCell.swift in Sources */ = {isa = PBXBuildFile; fileRef = 8388E2FB1E27E96A00BBE4F3 /* SearchGameCell.swift */; };
		83DA3BDE1E2AEC6500451824 /* GameInfoViewController.swift in Sources */ = {isa = PBXBuildFile; fileRef = 83DA3BDD1E2AEC6500451824 /* GameInfoViewController.swift */; };
/* End PBXBuildFile section */

/* Begin PBXFileReference section */
		08D7C0FD5EA2FAE33BE0336D /* Pods-GameOn.release.xcconfig */ = {isa = PBXFileReference; includeInIndex = 1; lastKnownFileType = text.xcconfig; name = "Pods-GameOn.release.xcconfig"; path = "Pods/Target Support Files/Pods-GameOn/Pods-GameOn.release.xcconfig"; sourceTree = "<group>"; };
		4F046E3E8D08E014CDBBD7B1 /* Pods_GameOn.framework */ = {isa = PBXFileReference; explicitFileType = wrapper.framework; includeInIndex = 0; path = Pods_GameOn.framework; sourceTree = BUILT_PRODUCTS_DIR; };
		830928661E23FB2200AEFF5F /* GameOn.app */ = {isa = PBXFileReference; explicitFileType = wrapper.application; includeInIndex = 0; path = GameOn.app; sourceTree = BUILT_PRODUCTS_DIR; };
		830928691E23FB2200AEFF5F /* AppDelegate.swift */ = {isa = PBXFileReference; lastKnownFileType = sourcecode.swift; path = AppDelegate.swift; sourceTree = "<group>"; };
		8309286E1E23FB2200AEFF5F /* Base */ = {isa = PBXFileReference; lastKnownFileType = file.storyboard; name = Base; path = Base.lproj/Main.storyboard; sourceTree = "<group>"; };
		830928701E23FB2200AEFF5F /* Assets.xcassets */ = {isa = PBXFileReference; lastKnownFileType = folder.assetcatalog; path = Assets.xcassets; sourceTree = "<group>"; };
		830928731E23FB2200AEFF5F /* Base */ = {isa = PBXFileReference; lastKnownFileType = file.storyboard; name = Base; path = Base.lproj/LaunchScreen.storyboard; sourceTree = "<group>"; };
		830928751E23FB2200AEFF5F /* Info.plist */ = {isa = PBXFileReference; lastKnownFileType = text.plist.xml; path = Info.plist; sourceTree = "<group>"; };
		8309287B1E2566B400AEFF5F /* LoginViewController.swift */ = {isa = PBXFileReference; fileEncoding = 4; lastKnownFileType = sourcecode.swift; path = LoginViewController.swift; sourceTree = "<group>"; };
		831C4C911E2E756800482CFC /* RegistrationViewController.swift */ = {isa = PBXFileReference; fileEncoding = 4; lastKnownFileType = sourcecode.swift; path = RegistrationViewController.swift; sourceTree = "<group>"; };
		831C4C961E2FB59800482CFC /* GamePlayersViewController.swift */ = {isa = PBXFileReference; fileEncoding = 4; lastKnownFileType = sourcecode.swift; path = GamePlayersViewController.swift; sourceTree = "<group>"; };
		831C4C981E2FB5EA00482CFC /* GamePlayerCell.swift */ = {isa = PBXFileReference; fileEncoding = 4; lastKnownFileType = sourcecode.swift; path = GamePlayerCell.swift; sourceTree = "<group>"; };
		831C4C9A1E30DDCE00482CFC /* FollowedPlayersGamesViewController.swift */ = {isa = PBXFileReference; fileEncoding = 4; lastKnownFileType = sourcecode.swift; path = FollowedPlayersGamesViewController.swift; sourceTree = "<group>"; };
		831C4C9E1E30E07200482CFC /* FollowedPlayerGameCell.swift */ = {isa = PBXFileReference; fileEncoding = 4; lastKnownFileType = sourcecode.swift; path = FollowedPlayerGameCell.swift; sourceTree = "<group>"; };
		831C4CA01E30EC3F00482CFC /* ChatRoomVC.swift */ = {isa = PBXFileReference; fileEncoding = 4; lastKnownFileType = sourcecode.swift; path = ChatRoomVC.swift; sourceTree = "<group>"; };
		835010E31E2684D6008CAB58 /* GoogleService-Info.plist */ = {isa = PBXFileReference; fileEncoding = 4; lastKnownFileType = text.plist.xml; path = "GoogleService-Info.plist"; sourceTree = "<group>"; };
		835010E51E2688FB008CAB58 /* GameOn.entitlements */ = {isa = PBXFileReference; lastKnownFileType = text.plist.entitlements; path = GameOn.entitlements; sourceTree = "<group>"; };
		835010E61E268BB1008CAB58 /* UsersGamesViewController.swift */ = {isa = PBXFileReference; fileEncoding = 4; lastKnownFileType = sourcecode.swift; path = UsersGamesViewController.swift; sourceTree = "<group>"; };
		835010E81E2696F7008CAB58 /* PlayersViewController.swift */ = {isa = PBXFileReference; fileEncoding = 4; lastKnownFileType = sourcecode.swift; path = PlayersViewController.swift; sourceTree = "<group>"; };
		835010EA1E26997F008CAB58 /* ChatViewController.swift */ = {isa = PBXFileReference; fileEncoding = 4; lastKnownFileType = sourcecode.swift; path = ChatViewController.swift; sourceTree = "<group>"; };
		8376593A1E2975890022B663 /* Game.swift */ = {isa = PBXFileReference; fileEncoding = 4; lastKnownFileType = sourcecode.swift; path = Game.swift; sourceTree = "<group>"; };
		8388E2F11E27A3F600BBE4F3 /* GameCell.swift */ = {isa = PBXFileReference; fileEncoding = 4; lastKnownFileType = sourcecode.swift; path = GameCell.swift; sourceTree = "<group>"; };
		8388E2F51E27B49600BBE4F3 /* FriendCell.swift */ = {isa = PBXFileReference; fileEncoding = 4; lastKnownFileType = sourcecode.swift; path = FriendCell.swift; sourceTree = "<group>"; };
		8388E2F71E27DC9900BBE4F3 /* ChatListCell.swift */ = {isa = PBXFileReference; fileEncoding = 4; lastKnownFileType = sourcecode.swift; path = ChatListCell.swift; sourceTree = "<group>"; };
		8388E2F91E27E65800BBE4F3 /* SearchGamesViewController.swift */ = {isa = PBXFileReference; fileEncoding = 4; lastKnownFileType = sourcecode.swift; path = SearchGamesViewController.swift; sourceTree = "<group>"; };
		8388E2FB1E27E96A00BBE4F3 /* SearchGameCell.swift */ = {isa = PBXFileReference; fileEncoding = 4; lastKnownFileType = sourcecode.swift; path = SearchGameCell.swift; sourceTree = "<group>"; };
		83DA3BDD1E2AEC6500451824 /* GameInfoViewController.swift */ = {isa = PBXFileReference; fileEncoding = 4; lastKnownFileType = sourcecode.swift; path = GameInfoViewController.swift; sourceTree = "<group>"; };
		DE5A5BFB5534B46146190745 /* Pods-GameOn.debug.xcconfig */ = {isa = PBXFileReference; includeInIndex = 1; lastKnownFileType = text.xcconfig; name = "Pods-GameOn.debug.xcconfig"; path = "Pods/Target Support Files/Pods-GameOn/Pods-GameOn.debug.xcconfig"; sourceTree = "<group>"; };
/* End PBXFileReference section */

/* Begin PBXFrameworksBuildPhase section */
		830928631E23FB2200AEFF5F /* Frameworks */ = {
			isa = PBXFrameworksBuildPhase;
			buildActionMask = 2147483647;
			files = (
				0984B1C2D6F6E31706BCBD1C /* Pods_GameOn.framework in Frameworks */,
			);
			runOnlyForDeploymentPostprocessing = 0;
		};
/* End PBXFrameworksBuildPhase section */

/* Begin PBXGroup section */
		15458990D385F17E1ACD2ADE /* Pods */ = {
			isa = PBXGroup;
			children = (
				DE5A5BFB5534B46146190745 /* Pods-GameOn.debug.xcconfig */,
				08D7C0FD5EA2FAE33BE0336D /* Pods-GameOn.release.xcconfig */,
			);
			name = Pods;
			sourceTree = "<group>";
		};
		8309285D1E23FB2100AEFF5F = {
			isa = PBXGroup;
			children = (
				830928681E23FB2200AEFF5F /* GameOn */,
				830928671E23FB2200AEFF5F /* Products */,
				15458990D385F17E1ACD2ADE /* Pods */,
				C40DF8E7FA35D2671B05D1F6 /* Frameworks */,
			);
			sourceTree = "<group>";
		};
		830928671E23FB2200AEFF5F /* Products */ = {
			isa = PBXGroup;
			children = (
				830928661E23FB2200AEFF5F /* GameOn.app */,
			);
			name = Products;
			sourceTree = "<group>";
		};
		830928681E23FB2200AEFF5F /* GameOn */ = {
			isa = PBXGroup;
			children = (
				831C4C941E2F836100482CFC /* Model */,
				831C4C951E2F838E00482CFC /* View */,
				831C4C931E2F827A00482CFC /* Controllers */,
				835010E51E2688FB008CAB58 /* GameOn.entitlements */,
				830928691E23FB2200AEFF5F /* AppDelegate.swift */,
				830928701E23FB2200AEFF5F /* Assets.xcassets */,
				830928751E23FB2200AEFF5F /* Info.plist */,
				835010E31E2684D6008CAB58 /* GoogleService-Info.plist */,
			);
			path = GameOn;
			sourceTree = "<group>";
		};
		831C4C931E2F827A00482CFC /* Controllers */ = {
			isa = PBXGroup;
			children = (
				831C4C9A1E30DDCE00482CFC /* FollowedPlayersGamesViewController.swift */,
				831C4C911E2E756800482CFC /* RegistrationViewController.swift */,
				8388E2F91E27E65800BBE4F3 /* SearchGamesViewController.swift */,
				835010E81E2696F7008CAB58 /* PlayersViewController.swift */,
				835010E61E268BB1008CAB58 /* UsersGamesViewController.swift */,
				835010EA1E26997F008CAB58 /* ChatViewController.swift */,
				8309287B1E2566B400AEFF5F /* LoginViewController.swift */,
				83DA3BDD1E2AEC6500451824 /* GameInfoViewController.swift */,
				831C4C961E2FB59800482CFC /* GamePlayersViewController.swift */,
				831C4CA01E30EC3F00482CFC /* ChatRoomVC.swift */,
			);
			name = Controllers;
			sourceTree = "<group>";
		};
		831C4C941E2F836100482CFC /* Model */ = {
			isa = PBXGroup;
			children = (
				8376593A1E2975890022B663 /* Game.swift */,
			);
			name = Model;
			sourceTree = "<group>";
		};
		831C4C951E2F838E00482CFC /* View */ = {
			isa = PBXGroup;
			children = (
				831C4C9C1E30DFFF00482CFC /* Cells */,
				8309286D1E23FB2200AEFF5F /* Main.storyboard */,
				830928721E23FB2200AEFF5F /* LaunchScreen.storyboard */,
			);
			name = View;
			sourceTree = "<group>";
		};
		831C4C9C1E30DFFF00482CFC /* Cells */ = {
			isa = PBXGroup;
			children = (
				831C4C981E2FB5EA00482CFC /* GamePlayerCell.swift */,
				831C4C9E1E30E07200482CFC /* FollowedPlayerGameCell.swift */,
				8388E2F71E27DC9900BBE4F3 /* ChatListCell.swift */,
				8388E2FB1E27E96A00BBE4F3 /* SearchGameCell.swift */,
				8388E2F11E27A3F600BBE4F3 /* GameCell.swift */,
				8388E2F51E27B49600BBE4F3 /* FriendCell.swift */,
			);
			name = Cells;
			sourceTree = "<group>";
		};
		C40DF8E7FA35D2671B05D1F6 /* Frameworks */ = {
			isa = PBXGroup;
			children = (
				4F046E3E8D08E014CDBBD7B1 /* Pods_GameOn.framework */,
			);
			name = Frameworks;
			sourceTree = "<group>";
		};
/* End PBXGroup section */

/* Begin PBXNativeTarget section */
		830928651E23FB2200AEFF5F /* GameOn */ = {
			isa = PBXNativeTarget;
			buildConfigurationList = 830928781E23FB2200AEFF5F /* Build configuration list for PBXNativeTarget "GameOn" */;
			buildPhases = (
				44CBD892D86419F406832865 /* 📦 Check Pods Manifest.lock */,
				830928621E23FB2200AEFF5F /* Sources */,
				830928631E23FB2200AEFF5F /* Frameworks */,
				830928641E23FB2200AEFF5F /* Resources */,
				64A8640062CC9AD5A6C87024 /* 📦 Embed Pods Frameworks */,
				1188FF770E6D0925D3E6CED1 /* 📦 Copy Pods Resources */,
			);
			buildRules = (
			);
			dependencies = (
			);
			name = GameOn;
			productName = GameOn;
			productReference = 830928661E23FB2200AEFF5F /* GameOn.app */;
			productType = "com.apple.product-type.application";
		};
/* End PBXNativeTarget section */

/* Begin PBXProject section */
		8309285E1E23FB2100AEFF5F /* Project object */ = {
			isa = PBXProject;
			attributes = {
				LastSwiftUpdateCheck = 0820;
				LastUpgradeCheck = 0820;
				ORGANIZATIONNAME = "Chris Ras";
				TargetAttributes = {
					830928651E23FB2200AEFF5F = {
						CreatedOnToolsVersion = 8.2;
						DevelopmentTeam = C4Q2FUWZY3;
						LastSwiftMigration = 0820;
						ProvisioningStyle = Automatic;
						SystemCapabilities = {
							com.apple.Keychain = {
								enabled = 1;
							};
						};
					};
				};
			};
			buildConfigurationList = 830928611E23FB2100AEFF5F /* Build configuration list for PBXProject "GameOn" */;
			compatibilityVersion = "Xcode 3.2";
			developmentRegion = English;
			hasScannedForEncodings = 0;
			knownRegions = (
				en,
				Base,
			);
			mainGroup = 8309285D1E23FB2100AEFF5F;
			productRefGroup = 830928671E23FB2200AEFF5F /* Products */;
			projectDirPath = "";
			projectRoot = "";
			targets = (
				830928651E23FB2200AEFF5F /* GameOn */,
			);
		};
/* End PBXProject section */

/* Begin PBXResourcesBuildPhase section */
		830928641E23FB2200AEFF5F /* Resources */ = {
			isa = PBXResourcesBuildPhase;
			buildActionMask = 2147483647;
			files = (
				830928741E23FB2200AEFF5F /* LaunchScreen.storyboard in Resources */,
				835010E41E2684D6008CAB58 /* GoogleService-Info.plist in Resources */,
				830928711E23FB2200AEFF5F /* Assets.xcassets in Resources */,
				8309286F1E23FB2200AEFF5F /* Main.storyboard in Resources */,
			);
			runOnlyForDeploymentPostprocessing = 0;
		};
/* End PBXResourcesBuildPhase section */

/* Begin PBXShellScriptBuildPhase section */
		1188FF770E6D0925D3E6CED1 /* 📦 Copy Pods Resources */ = {
			isa = PBXShellScriptBuildPhase;
			buildActionMask = 2147483647;
			files = (
			);
			inputPaths = (
			);
			name = "📦 Copy Pods Resources";
			outputPaths = (
			);
			runOnlyForDeploymentPostprocessing = 0;
			shellPath = /bin/sh;
			shellScript = "\"${SRCROOT}/Pods/Target Support Files/Pods-GameOn/Pods-GameOn-resources.sh\"\n";
			showEnvVarsInLog = 0;
		};
		44CBD892D86419F406832865 /* 📦 Check Pods Manifest.lock */ = {
			isa = PBXShellScriptBuildPhase;
			buildActionMask = 2147483647;
			files = (
			);
			inputPaths = (
			);
			name = "📦 Check Pods Manifest.lock";
			outputPaths = (
			);
			runOnlyForDeploymentPostprocessing = 0;
			shellPath = /bin/sh;
			shellScript = "diff \"${PODS_ROOT}/../Podfile.lock\" \"${PODS_ROOT}/Manifest.lock\" > /dev/null\nif [[ $? != 0 ]] ; then\n    cat << EOM\nerror: The sandbox is not in sync with the Podfile.lock. Run 'pod install' or update your CocoaPods installation.\nEOM\n    exit 1\nfi\n";
			showEnvVarsInLog = 0;
		};
		64A8640062CC9AD5A6C87024 /* 📦 Embed Pods Frameworks */ = {
			isa = PBXShellScriptBuildPhase;
			buildActionMask = 2147483647;
			files = (
			);
			inputPaths = (
			);
			name = "📦 Embed Pods Frameworks";
			outputPaths = (
			);
			runOnlyForDeploymentPostprocessing = 0;
			shellPath = /bin/sh;
			shellScript = "\"${SRCROOT}/Pods/Target Support Files/Pods-GameOn/Pods-GameOn-frameworks.sh\"\n";
			showEnvVarsInLog = 0;
		};
/* End PBXShellScriptBuildPhase section */

/* Begin PBXSourcesBuildPhase section */
		830928621E23FB2200AEFF5F /* Sources */ = {
			isa = PBXSourcesBuildPhase;
			buildActionMask = 2147483647;
			files = (
				83DA3BDE1E2AEC6500451824 /* GameInfoViewController.swift in Sources */,
				8388E2FA1E27E65800BBE4F3 /* SearchGamesViewController.swift in Sources */,
				8388E2F61E27B49600BBE4F3 /* FriendCell.swift in Sources */,
				831C4C991E2FB5EA00482CFC /* GamePlayerCell.swift in Sources */,
				831C4C971E2FB59800482CFC /* GamePlayersViewController.swift in Sources */,
				8388E2F81E27DC9900BBE4F3 /* ChatListCell.swift in Sources */,
				831C4C921E2E756800482CFC /* RegistrationViewController.swift in Sources */,
				831C4CA11E30EC3F00482CFC /* ChatRoomVC.swift in Sources */,
				835010E71E268BB1008CAB58 /* UsersGamesViewController.swift in Sources */,
				835010E91E2696F7008CAB58 /* PlayersViewController.swift in Sources */,
				8309287C1E2566B400AEFF5F /* LoginViewController.swift in Sources */,
				835010EB1E26997F008CAB58 /* ChatViewController.swift in Sources */,
				831C4C9B1E30DDCF00482CFC /* FollowedPlayersGamesViewController.swift in Sources */,
				831C4C9F1E30E07200482CFC /* FollowedPlayerGameCell.swift in Sources */,
				8376593B1E2975890022B663 /* Game.swift in Sources */,
				8388E2FC1E27E96A00BBE4F3 /* SearchGameCell.swift in Sources */,
				8309286A1E23FB2200AEFF5F /* AppDelegate.swift in Sources */,
				8388E2F21E27A3F600BBE4F3 /* GameCell.swift in Sources */,
			);
			runOnlyForDeploymentPostprocessing = 0;
		};
/* End PBXSourcesBuildPhase section */

/* Begin PBXVariantGroup section */
		8309286D1E23FB2200AEFF5F /* Main.storyboard */ = {
			isa = PBXVariantGroup;
			children = (
				8309286E1E23FB2200AEFF5F /* Base */,
			);
			name = Main.storyboard;
			sourceTree = "<group>";
		};
		830928721E23FB2200AEFF5F /* LaunchScreen.storyboard */ = {
			isa = PBXVariantGroup;
			children = (
				830928731E23FB2200AEFF5F /* Base */,
			);
			name = LaunchScreen.storyboard;
			sourceTree = "<group>";
		};
/* End PBXVariantGroup section */

/* Begin XCBuildConfiguration section */
		830928761E23FB2200AEFF5F /* Debug */ = {
			isa = XCBuildConfiguration;
			buildSettings = {
				ALWAYS_SEARCH_USER_PATHS = NO;
				CLANG_ANALYZER_NONNULL = YES;
				CLANG_CXX_LANGUAGE_STANDARD = "gnu++0x";
				CLANG_CXX_LIBRARY = "libc++";
				CLANG_ENABLE_MODULES = YES;
				CLANG_ENABLE_OBJC_ARC = YES;
				CLANG_WARN_BOOL_CONVERSION = YES;
				CLANG_WARN_CONSTANT_CONVERSION = YES;
				CLANG_WARN_DIRECT_OBJC_ISA_USAGE = YES_ERROR;
				CLANG_WARN_DOCUMENTATION_COMMENTS = YES;
				CLANG_WARN_EMPTY_BODY = YES;
				CLANG_WARN_ENUM_CONVERSION = YES;
				CLANG_WARN_INFINITE_RECURSION = YES;
				CLANG_WARN_INT_CONVERSION = YES;
				CLANG_WARN_OBJC_ROOT_CLASS = YES_ERROR;
				CLANG_WARN_SUSPICIOUS_MOVE = YES;
				CLANG_WARN_UNREACHABLE_CODE = YES;
				CLANG_WARN__DUPLICATE_METHOD_MATCH = YES;
				"CODE_SIGN_IDENTITY[sdk=iphoneos*]" = "iPhone Developer";
				COPY_PHASE_STRIP = NO;
				DEBUG_INFORMATION_FORMAT = dwarf;
				ENABLE_STRICT_OBJC_MSGSEND = YES;
				ENABLE_TESTABILITY = YES;
				GCC_C_LANGUAGE_STANDARD = gnu99;
				GCC_DYNAMIC_NO_PIC = NO;
				GCC_NO_COMMON_BLOCKS = YES;
				GCC_OPTIMIZATION_LEVEL = 0;
				GCC_PREPROCESSOR_DEFINITIONS = (
					"DEBUG=1",
					"$(inherited)",
				);
				GCC_WARN_64_TO_32_BIT_CONVERSION = YES;
				GCC_WARN_ABOUT_RETURN_TYPE = YES_ERROR;
				GCC_WARN_UNDECLARED_SELECTOR = YES;
				GCC_WARN_UNINITIALIZED_AUTOS = YES_AGGRESSIVE;
				GCC_WARN_UNUSED_FUNCTION = YES;
				GCC_WARN_UNUSED_VARIABLE = YES;
				IPHONEOS_DEPLOYMENT_TARGET = 10.2;
				MTL_ENABLE_DEBUG_INFO = YES;
				ONLY_ACTIVE_ARCH = YES;
				SDKROOT = iphoneos;
				SWIFT_ACTIVE_COMPILATION_CONDITIONS = DEBUG;
				SWIFT_OPTIMIZATION_LEVEL = "-Onone";
				TARGETED_DEVICE_FAMILY = "1,2";
			};
			name = Debug;
		};
		830928771E23FB2200AEFF5F /* Release */ = {
			isa = XCBuildConfiguration;
			buildSettings = {
				ALWAYS_SEARCH_USER_PATHS = NO;
				CLANG_ANALYZER_NONNULL = YES;
				CLANG_CXX_LANGUAGE_STANDARD = "gnu++0x";
				CLANG_CXX_LIBRARY = "libc++";
				CLANG_ENABLE_MODULES = YES;
				CLANG_ENABLE_OBJC_ARC = YES;
				CLANG_WARN_BOOL_CONVERSION = YES;
				CLANG_WARN_CONSTANT_CONVERSION = YES;
				CLANG_WARN_DIRECT_OBJC_ISA_USAGE = YES_ERROR;
				CLANG_WARN_DOCUMENTATION_COMMENTS = YES;
				CLANG_WARN_EMPTY_BODY = YES;
				CLANG_WARN_ENUM_CONVERSION = YES;
				CLANG_WARN_INFINITE_RECURSION = YES;
				CLANG_WARN_INT_CONVERSION = YES;
				CLANG_WARN_OBJC_ROOT_CLASS = YES_ERROR;
				CLANG_WARN_SUSPICIOUS_MOVE = YES;
				CLANG_WARN_UNREACHABLE_CODE = YES;
				CLANG_WARN__DUPLICATE_METHOD_MATCH = YES;
				"CODE_SIGN_IDENTITY[sdk=iphoneos*]" = "iPhone Developer";
				COPY_PHASE_STRIP = NO;
				DEBUG_INFORMATION_FORMAT = "dwarf-with-dsym";
				ENABLE_NS_ASSERTIONS = NO;
				ENABLE_STRICT_OBJC_MSGSEND = YES;
				GCC_C_LANGUAGE_STANDARD = gnu99;
				GCC_NO_COMMON_BLOCKS = YES;
				GCC_WARN_64_TO_32_BIT_CONVERSION = YES;
				GCC_WARN_ABOUT_RETURN_TYPE = YES_ERROR;
				GCC_WARN_UNDECLARED_SELECTOR = YES;
				GCC_WARN_UNINITIALIZED_AUTOS = YES_AGGRESSIVE;
				GCC_WARN_UNUSED_FUNCTION = YES;
				GCC_WARN_UNUSED_VARIABLE = YES;
				IPHONEOS_DEPLOYMENT_TARGET = 10.2;
				MTL_ENABLE_DEBUG_INFO = NO;
				SDKROOT = iphoneos;
				SWIFT_OPTIMIZATION_LEVEL = "-Owholemodule";
				TARGETED_DEVICE_FAMILY = "1,2";
				VALIDATE_PRODUCT = YES;
			};
			name = Release;
		};
		830928791E23FB2200AEFF5F /* Debug */ = {
			isa = XCBuildConfiguration;
			baseConfigurationReference = DE5A5BFB5534B46146190745 /* Pods-GameOn.debug.xcconfig */;
			buildSettings = {
				ASSETCATALOG_COMPILER_APPICON_NAME = AppIcon;
				CODE_SIGN_ENTITLEMENTS = GameOn/GameOn.entitlements;
				DEVELOPMENT_TEAM = C4Q2FUWZY3;
				INFOPLIST_FILE = GameOn/Info.plist;
				LD_RUNPATH_SEARCH_PATHS = "$(inherited) @executable_path/Frameworks";
				PRODUCT_BUNDLE_IDENTIFIER = nl.mprog.GameOn;
				PRODUCT_NAME = "$(TARGET_NAME)";
				SWIFT_VERSION = 3.0;
			};
			name = Debug;
		};
		8309287A1E23FB2200AEFF5F /* Release */ = {
			isa = XCBuildConfiguration;
			baseConfigurationReference = 08D7C0FD5EA2FAE33BE0336D /* Pods-GameOn.release.xcconfig */;
			buildSettings = {
				ASSETCATALOG_COMPILER_APPICON_NAME = AppIcon;
				CODE_SIGN_ENTITLEMENTS = GameOn/GameOn.entitlements;
				DEVELOPMENT_TEAM = C4Q2FUWZY3;
				INFOPLIST_FILE = GameOn/Info.plist;
				LD_RUNPATH_SEARCH_PATHS = "$(inherited) @executable_path/Frameworks";
				PRODUCT_BUNDLE_IDENTIFIER = nl.mprog.GameOn;
				PRODUCT_NAME = "$(TARGET_NAME)";
				SWIFT_VERSION = 3.0;
			};
			name = Release;
		};
/* End XCBuildConfiguration section */

/* Begin XCConfigurationList section */
		830928611E23FB2100AEFF5F /* Build configuration list for PBXProject "GameOn" */ = {
			isa = XCConfigurationList;
			buildConfigurations = (
				830928761E23FB2200AEFF5F /* Debug */,
				830928771E23FB2200AEFF5F /* Release */,
			);
			defaultConfigurationIsVisible = 0;
			defaultConfigurationName = Release;
		};
		830928781E23FB2200AEFF5F /* Build configuration list for PBXNativeTarget "GameOn" */ = {
			isa = XCConfigurationList;
			buildConfigurations = (
				830928791E23FB2200AEFF5F /* Debug */,
				8309287A1E23FB2200AEFF5F /* Release */,
			);
			defaultConfigurationIsVisible = 0;
			defaultConfigurationName = Release;
		};
/* End XCConfigurationList section */
	};
	rootObject = 8309285E1E23FB2100AEFF5F /* Project object */;
}
